Microsoft Visual Studio Solution File, Format Version 11.00
# Visual Studio 2008

Project("{C0252F94-EC9B-5EDB-8C9F-087954E378AB}") = "BuildingDev", "Assembly-CSharp.csproj", "{F9FBAE06-B810-6130-9CA4-F5A492C2C40E}"
EndProject
Global
	GlobalSection(SolutionConfigurationPlatforms) = preSolution
		Debug|Any CPU = Debug|Any CPU
		Release|Any CPU = Release|Any CPU
	EndGlobalSection
	GlobalSection(ProjectConfigurationPlatforms) = postSolution
		{F9FBAE06-B810-6130-9CA4-F5A492C2C40E}.Debug|Any CPU.ActiveCfg = Debug|Any CPU
		{F9FBAE06-B810-6130-9CA4-F5A492C2C40E}.Debug|Any CPU.Build.0 = Debug|Any CPU
		{F9FBAE06-B810-6130-9CA4-F5A492C2C40E}.Release|Any CPU.ActiveCfg = Release|Any CPU
		{F9FBAE06-B810-6130-9CA4-F5A492C2C40E}.Release|Any CPU.Build.0 = Release|Any CPU
	EndGlobalSection
	GlobalSection(SolutionProperties) = preSolution
		HideSolutionNode = FALSE
	EndGlobalSection
									GlobalSection(MonoDevelopProperties) = preSolution
		StartupItem = Assembly-CSharp.csproj
		Policies = $0
		$0.TextStylePolicy = $1
		$1.inheritsSet = null
		$1.scope = text/x-csharp
		$0.CSharpFormattingPolicy = $2
		$2.inheritsSet = Mono
		$2.inheritsScope = text/x-csharp
		$2.scope = text/x-csharp
		$0.TextStylePolicy = $3
		$3.FileWidth = 120
		$3.TabWidth = 4
		$3.EolMarker = Unix
		$3.inheritsSet = Mono
		$3.inheritsScope = text/plain
		$3.scope = text/plain
	EndGlobalSection

EndGlobal
